
Microsoft Visual Studio Solution File, Format Version 12.00
# Visual Studio 14
VisualStudioVersion = 14.0.25420.1
MinimumVisualStudioVersion = 10.0.40219.1
Project("{FAE04EC0-301F-11D3-BF4B-00C04F79EFBC}") = "CafmConnect", "CafmConnect\CafmConnect.csproj", "{60FAB85F-D834-42D2-8F0A-D1D798B9A027}"
EndProject
Project("{FAE04EC0-301F-11D3-BF4B-00C04F79EFBC}") = "CafmConnect.Samples", "CafmConnect.Samples\CafmConnect.Samples.csproj", "{2427753C-14E1-42FC-92E0-92617175FDA1}"
EndProject
Project("{2150E333-8FDC-42A3-9474-1A3956D46DE8}") = "Solution Items", "Solution Items", "{84F6849B-CBB0-4B09-B1C9-4A7EC8097DD6}"
	ProjectSection(SolutionItems) = preProject
		..\README.md = ..\README.md
	EndProjectSection
EndProject
Global
	GlobalSection(SolutionConfigurationPlatforms) = preSolution
		Debug|Any CPU = Debug|Any CPU
		Debug|x86 = Debug|x86
		Release|Any CPU = Release|Any CPU
		Release|x86 = Release|x86
	EndGlobalSection
	GlobalSection(ProjectConfigurationPlatforms) = postSolution
		{60FAB85F-D834-42D2-8F0A-D1D798B9A027}.Debug|Any CPU.ActiveCfg = Debug|Any CPU
		{60FAB85F-D834-42D2-8F0A-D1D798B9A027}.Debug|Any CPU.Build.0 = Debug|Any CPU
		{60FAB85F-D834-42D2-8F0A-D1D798B9A027}.Debug|x86.ActiveCfg = Debug|Any CPU
		{60FAB85F-D834-42D2-8F0A-D1D798B9A027}.Debug|x86.Build.0 = Debug|Any CPU
		{60FAB85F-D834-42D2-8F0A-D1D798B9A027}.Release|Any CPU.ActiveCfg = Release|Any CPU
		{60FAB85F-D834-42D2-8F0A-D1D798B9A027}.Release|Any CPU.Build.0 = Release|Any CPU
		{60FAB85F-D834-42D2-8F0A-D1D798B9A027}.Release|x86.ActiveCfg = Release|Any CPU
		{60FAB85F-D834-42D2-8F0A-D1D798B9A027}.Release|x86.Build.0 = Release|Any CPU
		{2427753C-14E1-42FC-92E0-92617175FDA1}.Debug|Any CPU.ActiveCfg = Debug|Any CPU
		{2427753C-14E1-42FC-92E0-92617175FDA1}.Debug|Any CPU.Build.0 = Debug|Any CPU
		{2427753C-14E1-42FC-92E0-92617175FDA1}.Debug|x86.ActiveCfg = Debug|Any CPU
		{2427753C-14E1-42FC-92E0-92617175FDA1}.Debug|x86.Build.0 = Debug|Any CPU
		{2427753C-14E1-42FC-92E0-92617175FDA1}.Release|Any CPU.ActiveCfg = Release|Any CPU
		{2427753C-14E1-42FC-92E0-92617175FDA1}.Release|Any CPU.Build.0 = Release|Any CPU
		{2427753C-14E1-42FC-92E0-92617175FDA1}.Release|x86.ActiveCfg = Release|Any CPU
		{2427753C-14E1-42FC-92E0-92617175FDA1}.Release|x86.Build.0 = Release|Any CPU
	EndGlobalSection
	GlobalSection(SolutionProperties) = preSolution
		HideSolutionNode = FALSE
	EndGlobalSection
EndGlobal
